
Microsoft Visual Studio Solution File, Format Version 12.00
# Visual Studio Version 17
VisualStudioVersion = 17.6.33815.320
MinimumVisualStudioVersion = 10.0.40219.1
Project("{FAE04EC0-301F-11D3-BF4B-00C04F79EFBC}") = "Dice Game", "Dice Game.csproj", "{D179D764-04E5-4250-8332-20905AB90C0D}"
EndProject
Global
	GlobalSection(SolutionConfigurationPlatforms) = preSolution
		Debug|Any CPU = Debug|Any CPU
		Release|Any CPU = Release|Any CPU
	EndGlobalSection
	GlobalSection(ProjectConfigurationPlatforms) = postSolution
		{D179D764-04E5-4250-8332-20905AB90C0D}.Debug|Any CPU.ActiveCfg = Debug|Any CPU
		{D179D764-04E5-4250-8332-20905AB90C0D}.Debug|Any CPU.Build.0 = Debug|Any CPU
		{D179D764-04E5-4250-8332-20905AB90C0D}.Release|Any CPU.ActiveCfg = Release|Any CPU
		{D179D764-04E5-4250-8332-20905AB90C0D}.Release|Any CPU.Build.0 = Release|Any CPU
	EndGlobalSection
	GlobalSection(SolutionProperties) = preSolution
		HideSolutionNode = FALSE
	EndGlobalSection
	GlobalSection(ExtensibilityGlobals) = postSolution
		SolutionGuid = {364728CB-07D2-4055-9D89-A29BB70F987D}
	EndGlobalSection
EndGlobal
